name: Magnanimous Native-First Brain Lock

on:
  push:
    branches: ['**']
  pull_request:
  workflow_dispatch:

permissions:
  contents: read

jobs:
  native-first-lock:
    runs-on: ubuntu-latest
    steps:
      - uses: actions/checkout@v7
      - uses: actions/setup-node@v7
        with:
          node-version: 22
      - name: Verify native-first brain and God Coding contracts
        run: node qa/scripts/magnanimous-native-first-lock.mjs
      - name: Verify full-brain D1 materializer
        run: |
          rm -rf /tmp/magnanimous-full-brain-ci
          node qa/scripts/materialize-full-brain-d1.mjs /tmp/magnanimous-full-brain-ci
          python - <<'PY'
          import glob,json,os
          d=json.load(open('/tmp/magnanimous-full-brain-ci/manifest-metadata.json'))
          assert d['manifest_count'] >= 3426, d
          assert d['raw_manifest_count'] >= d['manifest_count'], d
          assert d['high_risk'] > 0 and d['medium_risk'] > 0 and d['low_risk'] > 0, d
          assert d['native_ready'] > 0, d
          assert d['hybrid_ready'] > 0, d
          assert d['bridge_required'] == 0 and d['specified_only'] == 0, d
          assert d['native_ready'] + d['hybrid_ready'] + d['bridge_required'] + d['specified_only'] == d['manifest_count'], d
          files=glob.glob('/tmp/magnanimous-full-brain-ci/*-materialize.sql')
          assert len(files) >= 17, (len(files),d)
          assert os.path.exists('/tmp/magnanimous-full-brain-ci/%03d-state.sql' % d['chunk_count']), d
          print('Full-brain materializer generated',d['manifest_count'],'specifications across',d['chunk_count'],'chunks.')
          PY
      - name: Verify OGENIC GOD TOOLKIT absorption
        run: node qa/scripts/magnanimous-ogenic-god-toolkit-lock.mjs
      - name: Verify Magnanimous Local Bridge
        run: node qa/scripts/magnanimous-local-bridge-lock.mjs
      - name: Verify Magnanimous Native Web Agent
        run: node qa/scripts/magnanimous-native-web-lock.mjs
      - name: Syntax check Native Web Worker runtime
        run: node --check worker/src/magnanimous-native-web-runtime.js
      - name: Syntax check Local Bridge Python agent
        run: python -m py_compile local-bridge/bridge_agent.py
      - name: Syntax check Local Bridge PowerShell installer
        shell: pwsh
        run: |
          $tokens = $null
          $errors = $null
          [System.Management.Automation.Language.Parser]::ParseFile((Resolve-Path 'local-bridge/install.ps1'), [ref]$tokens, [ref]$errors) | Out-Null
          if ($errors.Count -gt 0) {
            $errors | ForEach-Object { Write-Error $_.Message }
            exit 1
          }
      - name: Syntax check Local Bridge PowerShell uninstaller
        shell: pwsh
        run: |
          $tokens = $null
          $errors = $null
          [System.Management.Automation.Language.Parser]::ParseFile((Resolve-Path 'local-bridge/uninstall.ps1'), [ref]$tokens, [ref]$errors) | Out-Null
          if ($errors.Count -gt 0) {
            $errors | ForEach-Object { Write-Error $_.Message }
            exit 1
          }
      - name: Syntax check native-first Worker runtime
        run: node --check worker/src/magnanimous-native-first.js
      - name: Syntax check capability realization runtime
        run: node --check worker/src/magnanimous-capability-realization.js
      - name: Syntax check full-brain materializer
        run: node --check qa/scripts/materialize-full-brain-d1.mjs
      - name: Syntax check OGENIC GOD TOOLKIT runtime
        run: node --check worker/src/magnanimous-ogenic-god-toolkit.js
